
Microsoft Visual Studio Solution File, Format Version 12.00
# Visual Studio 2012
Project("{FAE04EC0-301F-11D3-BF4B-00C04F79EFBC}") = "L17_Varibales_and_Constants", "L17_Varibales_and_Constants\L17_Varibales_and_Constants.csproj", "{8B9B4BC8-7D17-43F8-A35D-2D345C5F76FB}"
EndProject
Global
	GlobalSection(SolutionConfigurationPlatforms) = preSolution
		Debug|x86 = Debug|x86
		Release|x86 = Release|x86
	EndGlobalSection
	GlobalSection(ProjectConfigurationPlatforms) = postSolution
		{8B9B4BC8-7D17-43F8-A35D-2D345C5F76FB}.Debug|x86.ActiveCfg = Debug|x86
		{8B9B4BC8-7D17-43F8-A35D-2D345C5F76FB}.Debug|x86.Build.0 = Debug|x86
		{8B9B4BC8-7D17-43F8-A35D-2D345C5F76FB}.Release|x86.ActiveCfg = Release|x86
		{8B9B4BC8-7D17-43F8-A35D-2D345C5F76FB}.Release|x86.Build.0 = Release|x86
	EndGlobalSection
EndGlobal
