
Microsoft Visual Studio Solution File, Format Version 12.00
# Visual Studio 2012
Project("{FAE04EC0-301F-11D3-BF4B-00C04F79EFBC}") = "L43_IterationStmtsOrLoops", "L43_IterationStmtsOrLoops\L43_IterationStmtsOrLoops.csproj", "{E742F2D1-76D9-49ED-A3C0-70587F774659}"
EndProject
Global
	GlobalSection(SolutionConfigurationPlatforms) = preSolution
		Debug|x86 = Debug|x86
		Release|x86 = Release|x86
	EndGlobalSection
	GlobalSection(ProjectConfigurationPlatforms) = postSolution
		{E742F2D1-76D9-49ED-A3C0-70587F774659}.Debug|x86.ActiveCfg = Debug|x86
		{E742F2D1-76D9-49ED-A3C0-70587F774659}.Debug|x86.Build.0 = Debug|x86
		{E742F2D1-76D9-49ED-A3C0-70587F774659}.Release|x86.ActiveCfg = Release|x86
		{E742F2D1-76D9-49ED-A3C0-70587F774659}.Release|x86.Build.0 = Release|x86
	EndGlobalSection
EndGlobal
