
Microsoft Visual Studio Solution File, Format Version 12.00
# Visual Studio 2012
Project("{FAE04EC0-301F-11D3-BF4B-00C04F79EFBC}") = "L41_Conditionals", "L41_Conditionals\L41_Conditionals.csproj", "{856919C7-A9EF-4BDF-A0D7-15104E721E81}"
EndProject
Global
	GlobalSection(SolutionConfigurationPlatforms) = preSolution
		Debug|x86 = Debug|x86
		Release|x86 = Release|x86
	EndGlobalSection
	GlobalSection(ProjectConfigurationPlatforms) = postSolution
		{856919C7-A9EF-4BDF-A0D7-15104E721E81}.Debug|x86.ActiveCfg = Debug|x86
		{856919C7-A9EF-4BDF-A0D7-15104E721E81}.Debug|x86.Build.0 = Debug|x86
		{856919C7-A9EF-4BDF-A0D7-15104E721E81}.Release|x86.ActiveCfg = Release|x86
		{856919C7-A9EF-4BDF-A0D7-15104E721E81}.Release|x86.Build.0 = Release|x86
	EndGlobalSection
EndGlobal
